lockfileVersion: '6.0'

settings:
  autoInstallPeers: true
  excludeLinksFromLockfile: false

dependencies:
  '@tanstack/react-query':
    specifier: ^5.62.10
    version: 5.62.10(react@19.0.0)

packages:

  /@tanstack/query-core@5.62.9:
    resolution: {integrity: sha512-lwePd8hNYhyQ4nM/iRQ+Wz2cDtspGeZZHFZmCzHJ7mfKXt+9S301fULiY2IR2byJYY6Z03T427E5PoVfMexHjw==}
    dev: false

  /@tanstack/react-query@5.62.10(react@19.0.0):
    resolution: {integrity: sha512-1e1WpHM5oGf27nWM/NWLY62/X9pbMBWa6ErWYmeuK0OqB9/g9UzA59ogiWbxCmS2wtAFQRhOdHhfSofrkhPl2g==}
    peerDependencies:
      react: ^18 || ^19
    dependencies:
      '@tanstack/query-core': 5.62.9
      react: 19.0.0
    dev: false

  /react@19.0.0:
    resolution: {integrity: sha512-V8AVnmPIICiWpGfm6GLzCR/W5FXLchHop40W4nXBmdlEceh16rCN8O8LNWm5bh5XUX91fh7KpA+W0TgMKmgTpQ==}
    engines: {node: '>=0.10.0'}
    dev: false
